// !$*UTF8*$!
{
	archiveVersion = 1;
	classes = {
	};
	objectVersion = 56;
	objects = {

/* Begin PBXBuildFile section */
		48888B3C2AF550E200F62705 /* SSHShell+Async.swift in Sources */ = {isa = PBXBuildFile; fileRef = 48888B382AF550E200F62705 /* SSHShell+Async.swift */; };
		48888B3D2AF550E200F62705 /* SFTPClient+Async.swift in Sources */ = {isa = PBXBuildFile; fileRef = 48888B392AF550E200F62705 /* SFTPClient+Async.swift */; };
		48888B3E2AF550E200F62705 /* Completion+Async.swift in Sources */ = {isa = PBXBuildFile; fileRef = 48888B3A2AF550E200F62705 /* Completion+Async.swift */; };
		48888B3F2AF550E200F62705 /* SSHConnection+Async.swift in Sources */ = {isa = PBXBuildFile; fileRef = 48888B3B2AF550E200F62705 /* SSHConnection+Async.swift */; };
		48888B442AF5511E00F62705 /* SSHCommandSession.swift in Sources */ = {isa = PBXBuildFile; fileRef = 48888B422AF5511E00F62705 /* SSHCommandSession.swift */; };
		48888B452AF5511E00F62705 /* SSHCommandInvocation.swift in Sources */ = {isa = PBXBuildFile; fileRef = 48888B432AF5511E00F62705 /* SSHCommandInvocation.swift */; };
		48888B492AF5512E00F62705 /* Result+Utils.swift in Sources */ = {isa = PBXBuildFile; fileRef = 48888B472AF5512E00F62705 /* Result+Utils.swift */; };
		48888B4A2AF5512E00F62705 /* SwiftNIO+Utils.swift in Sources */ = {isa = PBXBuildFile; fileRef = 48888B482AF5512E00F62705 /* SwiftNIO+Utils.swift */; };
		48888B572AF5514900F62705 /* SFTPMessageParser.swift in Sources */ = {isa = PBXBuildFile; fileRef = 48888B4C2AF5514900F62705 /* SFTPMessageParser.swift */; };
		48888B582AF5514900F62705 /* SFTPChannel.swift in Sources */ = {isa = PBXBuildFile; fileRef = 48888B4D2AF5514900F62705 /* SFTPChannel.swift */; };
		48888B592AF5514900F62705 /* SFTPSerializer.swift in Sources */ = {isa = PBXBuildFile; fileRef = 48888B4E2AF5514900F62705 /* SFTPSerializer.swift */; };
		48888B5A2AF5514900F62705 /* ChannelUnwrapper.swift in Sources */ = {isa = PBXBuildFile; fileRef = 48888B4F2AF5514900F62705 /* ChannelUnwrapper.swift */; };
		48888B5B2AF5514900F62705 /* ByteBufferHelpers.swift in Sources */ = {isa = PBXBuildFile; fileRef = 48888B502AF5514900F62705 /* ByteBufferHelpers.swift */; };
		48888B5C2AF5514900F62705 /* SFTPError.swift in Sources */ = {isa = PBXBuildFile; fileRef = 48888B512AF5514900F62705 /* SFTPError.swift */; };
		48888B5D2AF5514900F62705 /* SFTPBasicEnums.swift in Sources */ = {isa = PBXBuildFile; fileRef = 48888B522AF5514900F62705 /* SFTPBasicEnums.swift */; };
		48888B5E2AF5514900F62705 /* SFTPClientInboundHandler.swift in Sources */ = {isa = PBXBuildFile; fileRef = 48888B532AF5514900F62705 /* SFTPClientInboundHandler.swift */; };
		48888B5F2AF5514900F62705 /* SFTPMessage.swift in Sources */ = {isa = PBXBuildFile; fileRef = 48888B542AF5514900F62705 /* SFTPMessage.swift */; };
		48888B602AF5514900F62705 /* SFTPClientStateMachine.swift in Sources */ = {isa = PBXBuildFile; fileRef = 48888B552AF5514900F62705 /* SFTPClientStateMachine.swift */; };
		48888B612AF5514900F62705 /* SFTPRequestIDAllocator.swift in Sources */ = {isa = PBXBuildFile; fileRef = 48888B562AF5514900F62705 /* SFTPRequestIDAllocator.swift */; };
		48888B662AF5516F00F62705 /* SSHShellStateMachine.swift in Sources */ = {isa = PBXBuildFile; fileRef = 48888B632AF5516F00F62705 /* SSHShellStateMachine.swift */; };
		48888B672AF5516F00F62705 /* SSHShellHandler.swift in Sources */ = {isa = PBXBuildFile; fileRef = 48888B642AF5516F00F62705 /* SSHShellHandler.swift */; };
		48888B682AF5516F00F62705 /* IOSSHShell.swift in Sources */ = {isa = PBXBuildFile; fileRef = 48888B652AF5516F00F62705 /* IOSSHShell.swift */; };
		48888B712AF5518300F62705 /* IOSSHConnection.swift in Sources */ = {isa = PBXBuildFile; fileRef = 48888B6A2AF5518200F62705 /* IOSSHConnection.swift */; };
		48888B722AF5518300F62705 /* SSHSession.swift in Sources */ = {isa = PBXBuildFile; fileRef = 48888B6B2AF5518200F62705 /* SSHSession.swift */; };
		48888B732AF5518300F62705 /* AES128CTRTransportProtection.swift in Sources */ = {isa = PBXBuildFile; fileRef = 48888B6C2AF5518200F62705 /* AES128CTRTransportProtection.swift */; };
		48888B742AF5518300F62705 /* SSHAuthenticationHandler.swift in Sources */ = {isa = PBXBuildFile; fileRef = 48888B6D2AF5518200F62705 /* SSHAuthenticationHandler.swift */; };
		48888B752AF5518300F62705 /* ObserverHolder.swift in Sources */ = {isa = PBXBuildFile; fileRef = 48888B6E2AF5518200F62705 /* ObserverHolder.swift */; };
		48888B762AF5518300F62705 /* SSHConnectionStateMachine.swift in Sources */ = {isa = PBXBuildFile; fileRef = 48888B6F2AF5518300F62705 /* SSHConnectionStateMachine.swift */; };
		48888B772AF5518300F62705 /* SSHSessionStartingTask.swift in Sources */ = {isa = PBXBuildFile; fileRef = 48888B702AF5518300F62705 /* SSHSessionStartingTask.swift */; };
		48888B812AF5519E00F62705 /* SSHShell.swift in Sources */ = {isa = PBXBuildFile; fileRef = 48888B782AF5519E00F62705 /* SSHShell.swift */; };
		48888B822AF5519E00F62705 /* SSHAuthentication.swift in Sources */ = {isa = PBXBuildFile; fileRef = 48888B792AF5519E00F62705 /* SSHAuthentication.swift */; };
		48888B832AF5519E00F62705 /* SSHConnection.swift in Sources */ = {isa = PBXBuildFile; fileRef = 48888B7A2AF5519E00F62705 /* SSHConnection.swift */; };
		48888B842AF5519E00F62705 /* SFTPFileFlags.swift in Sources */ = {isa = PBXBuildFile; fileRef = 48888B7B2AF5519E00F62705 /* SFTPFileFlags.swift */; };
		48888B852AF5519E00F62705 /* SSHCommand.swift in Sources */ = {isa = PBXBuildFile; fileRef = 48888B7C2AF5519E00F62705 /* SSHCommand.swift */; };
		48888B862AF5519E00F62705 /* SSHTask.swift in Sources */ = {isa = PBXBuildFile; fileRef = 48888B7D2AF5519E00F62705 /* SSHTask.swift */; };
		48888B872AF5519E00F62705 /* SFTPClient.swift in Sources */ = {isa = PBXBuildFile; fileRef = 48888B7E2AF5519E00F62705 /* SFTPClient.swift */; };
		48888B882AF5519E00F62705 /* SFTPFile.swift in Sources */ = {isa = PBXBuildFile; fileRef = 48888B7F2AF5519E00F62705 /* SFTPFile.swift */; };
		48888B892AF5519E00F62705 /* SFTPFilePath.swift in Sources */ = {isa = PBXBuildFile; fileRef = 48888B802AF5519E00F62705 /* SFTPFilePath.swift */; };
		48888B912AF5530500F62705 /* Crypto in Frameworks */ = {isa = PBXBuildFile; productRef = 48888B902AF5530500F62705 /* Crypto */; };
		48888B972AF5541B00F62705 /* NIOTransportServices in Frameworks */ = {isa = PBXBuildFile; productRef = 48888B962AF5541B00F62705 /* NIOTransportServices */; };
		48888B9A2AF554C900F62705 /* NIOSSH in Frameworks */ = {isa = PBXBuildFile; productRef = 48888B992AF554C900F62705 /* NIOSSH */; };
/* End PBXBuildFile section */

/* Begin PBXCopyFilesBuildPhase section */
		48888B242AF5503900F62705 /* CopyFiles */ = {
			isa = PBXCopyFilesBuildPhase;
			buildActionMask = 2147483647;
			dstPath = "include/$(PRODUCT_NAME)";
			dstSubfolderSpec = 16;
			files = (
			);
			runOnlyForDeploymentPostprocessing = 0;
		};
/* End PBXCopyFilesBuildPhase section */

/* Begin PBXFileReference section */
		48888B262AF5503900F62705 /* libSSHClient.a */ = {isa = PBXFileReference; explicitFileType = archive.ar; includeInIndex = 0; path = libSSHClient.a; sourceTree = BUILT_PRODUCTS_DIR; };
		48888B372AF550E200F62705 /* SSHClient-Bridging-Header.h */ = {isa = PBXFileReference; lastKnownFileType = sourcecode.c.h; path = "SSHClient-Bridging-Header.h"; sourceTree = "<group>"; };
		48888B382AF550E200F62705 /* SSHShell+Async.swift */ = {isa = PBXFileReference; fileEncoding = 4; lastKnownFileType = sourcecode.swift; name = "SSHShell+Async.swift"; path = "../../../Sources/SSHClient/Async/SSHShell+Async.swift"; sourceTree = "<group>"; };
		48888B392AF550E200F62705 /* SFTPClient+Async.swift */ = {isa = PBXFileReference; fileEncoding = 4; lastKnownFileType = sourcecode.swift; name = "SFTPClient+Async.swift"; path = "../../../Sources/SSHClient/Async/SFTPClient+Async.swift"; sourceTree = "<group>"; };
		48888B3A2AF550E200F62705 /* Completion+Async.swift */ = {isa = PBXFileReference; fileEncoding = 4; lastKnownFileType = sourcecode.swift; name = "Completion+Async.swift"; path = "../../../Sources/SSHClient/Async/Completion+Async.swift"; sourceTree = "<group>"; };
		48888B3B2AF550E200F62705 /* SSHConnection+Async.swift */ = {isa = PBXFileReference; fileEncoding = 4; lastKnownFileType = sourcecode.swift; name = "SSHConnection+Async.swift"; path = "../../../Sources/SSHClient/Async/SSHConnection+Async.swift"; sourceTree = "<group>"; };
		48888B422AF5511E00F62705 /* SSHCommandSession.swift */ = {isa = PBXFileReference; fileEncoding = 4; lastKnownFileType = sourcecode.swift; name = SSHCommandSession.swift; path = ../../Sources/SSHClient/Internal/Command/SSHCommandSession.swift; sourceTree = "<group>"; };
		48888B432AF5511E00F62705 /* SSHCommandInvocation.swift */ = {isa = PBXFileReference; fileEncoding = 4; lastKnownFileType = sourcecode.swift; name = SSHCommandInvocation.swift; path = ../../Sources/SSHClient/Internal/Command/SSHCommandInvocation.swift; sourceTree = "<group>"; };
		48888B472AF5512E00F62705 /* Result+Utils.swift */ = {isa = PBXFileReference; fileEncoding = 4; lastKnownFileType = sourcecode.swift; name = "Result+Utils.swift"; path = "../../Sources/SSHClient/Internal/Extension/Result+Utils.swift"; sourceTree = "<group>"; };
		48888B482AF5512E00F62705 /* SwiftNIO+Utils.swift */ = {isa = PBXFileReference; fileEncoding = 4; lastKnownFileType = sourcecode.swift; name = "SwiftNIO+Utils.swift"; path = "../../Sources/SSHClient/Internal/Extension/SwiftNIO+Utils.swift"; sourceTree = "<group>"; };
		48888B4C2AF5514900F62705 /* SFTPMessageParser.swift */ = {isa = PBXFileReference; fileEncoding = 4; lastKnownFileType = sourcecode.swift; name = SFTPMessageParser.swift; path = ../../Sources/SSHClient/Internal/SFTP/SFTPMessageParser.swift; sourceTree = "<group>"; };
		48888B4D2AF5514900F62705 /* SFTPChannel.swift */ = {isa = PBXFileReference; fileEncoding = 4; lastKnownFileType = sourcecode.swift; name = SFTPChannel.swift; path = ../../Sources/SSHClient/Internal/SFTP/SFTPChannel.swift; sourceTree = "<group>"; };
		48888B4E2AF5514900F62705 /* SFTPSerializer.swift */ = {isa = PBXFileReference; fileEncoding = 4; lastKnownFileType = sourcecode.swift; name = SFTPSerializer.swift; path = ../../Sources/SSHClient/Internal/SFTP/SFTPSerializer.swift; sourceTree = "<group>"; };
		48888B4F2AF5514900F62705 /* ChannelUnwrapper.swift */ = {isa = PBXFileReference; fileEncoding = 4; lastKnownFileType = sourcecode.swift; name = ChannelUnwrapper.swift; path = ../../Sources/SSHClient/Internal/SFTP/ChannelUnwrapper.swift; sourceTree = "<group>"; };
		48888B502AF5514900F62705 /* ByteBufferHelpers.swift */ = {isa = PBXFileReference; fileEncoding = 4; lastKnownFileType = sourcecode.swift; name = ByteBufferHelpers.swift; path = ../../Sources/SSHClient/Internal/SFTP/ByteBufferHelpers.swift; sourceTree = "<group>"; };
		48888B512AF5514900F62705 /* SFTPError.swift */ = {isa = PBXFileReference; fileEncoding = 4; lastKnownFileType = sourcecode.swift; name = SFTPError.swift; path = ../../Sources/SSHClient/Internal/SFTP/SFTPError.swift; sourceTree = "<group>"; };
		48888B522AF5514900F62705 /* SFTPBasicEnums.swift */ = {isa = PBXFileReference; fileEncoding = 4; lastKnownFileType = sourcecode.swift; name = SFTPBasicEnums.swift; path = ../../Sources/SSHClient/Internal/SFTP/SFTPBasicEnums.swift; sourceTree = "<group>"; };
		48888B532AF5514900F62705 /* SFTPClientInboundHandler.swift */ = {isa = PBXFileReference; fileEncoding = 4; lastKnownFileType = sourcecode.swift; name = SFTPClientInboundHandler.swift; path = ../../Sources/SSHClient/Internal/SFTP/SFTPClientInboundHandler.swift; sourceTree = "<group>"; };
		48888B542AF5514900F62705 /* SFTPMessage.swift */ = {isa = PBXFileReference; fileEncoding = 4; lastKnownFileType = sourcecode.swift; name = SFTPMessage.swift; path = ../../Sources/SSHClient/Internal/SFTP/SFTPMessage.swift; sourceTree = "<group>"; };
		48888B552AF5514900F62705 /* SFTPClientStateMachine.swift */ = {isa = PBXFileReference; fileEncoding = 4; lastKnownFileType = sourcecode.swift; name = SFTPClientStateMachine.swift; path = ../../Sources/SSHClient/Internal/SFTP/SFTPClientStateMachine.swift; sourceTree = "<group>"; };
		48888B562AF5514900F62705 /* SFTPRequestIDAllocator.swift */ = {isa = PBXFileReference; fileEncoding = 4; lastKnownFileType = sourcecode.swift; name = SFTPRequestIDAllocator.swift; path = ../../Sources/SSHClient/Internal/SFTP/SFTPRequestIDAllocator.swift; sourceTree = "<group>"; };
		48888B632AF5516F00F62705 /* SSHShellStateMachine.swift */ = {isa = PBXFileReference; fileEncoding = 4; lastKnownFileType = sourcecode.swift; name = SSHShellStateMachine.swift; path = ../../Sources/SSHClient/Internal/Shell/SSHShellStateMachine.swift; sourceTree = "<group>"; };
		48888B642AF5516F00F62705 /* SSHShellHandler.swift */ = {isa = PBXFileReference; fileEncoding = 4; lastKnownFileType = sourcecode.swift; name = SSHShellHandler.swift; path = ../../Sources/SSHClient/Internal/Shell/SSHShellHandler.swift; sourceTree = "<group>"; };
		48888B652AF5516F00F62705 /* IOSSHShell.swift */ = {isa = PBXFileReference; fileEncoding = 4; lastKnownFileType = sourcecode.swift; name = IOSSHShell.swift; path = ../../Sources/SSHClient/Internal/Shell/IOSSHShell.swift; sourceTree = "<group>"; };
		48888B6A2AF5518200F62705 /* IOSSHConnection.swift */ = {isa = PBXFileReference; fileEncoding = 4; lastKnownFileType = sourcecode.swift; name = IOSSHConnection.swift; path = ../../Sources/SSHClient/Internal/SSH/IOSSHConnection.swift; sourceTree = "<group>"; };
		48888B6B2AF5518200F62705 /* SSHSession.swift */ = {isa = PBXFileReference; fileEncoding = 4; lastKnownFileType = sourcecode.swift; name = SSHSession.swift; path = ../../Sources/SSHClient/Internal/SSH/SSHSession.swift; sourceTree = "<group>"; };
		48888B6C2AF5518200F62705 /* AES128CTRTransportProtection.swift */ = {isa = PBXFileReference; fileEncoding = 4; lastKnownFileType = sourcecode.swift; name = AES128CTRTransportProtection.swift; path = ../../Sources/SSHClient/Internal/SSH/AES128CTRTransportProtection.swift; sourceTree = "<group>"; };
		48888B6D2AF5518200F62705 /* SSHAuthenticationHandler.swift */ = {isa = PBXFileReference; fileEncoding = 4; lastKnownFileType = sourcecode.swift; name = SSHAuthenticationHandler.swift; path = ../../Sources/SSHClient/Internal/SSH/SSHAuthenticationHandler.swift; sourceTree = "<group>"; };
		48888B6E2AF5518200F62705 /* ObserverHolder.swift */ = {isa = PBXFileReference; fileEncoding = 4; lastKnownFileType = sourcecode.swift; name = ObserverHolder.swift; path = ../../Sources/SSHClient/Internal/SSH/ObserverHolder.swift; sourceTree = "<group>"; };
		48888B6F2AF5518300F62705 /* SSHConnectionStateMachine.swift */ = {isa = PBXFileReference; fileEncoding = 4; lastKnownFileType = sourcecode.swift; name = SSHConnectionStateMachine.swift; path = ../../Sources/SSHClient/Internal/SSH/SSHConnectionStateMachine.swift; sourceTree = "<group>"; };
		48888B702AF5518300F62705 /* SSHSessionStartingTask.swift */ = {isa = PBXFileReference; fileEncoding = 4; lastKnownFileType = sourcecode.swift; name = SSHSessionStartingTask.swift; path = ../../Sources/SSHClient/Internal/SSH/SSHSessionStartingTask.swift; sourceTree = "<group>"; };
		48888B782AF5519E00F62705 /* SSHShell.swift */ = {isa = PBXFileReference; fileEncoding = 4; lastKnownFileType = sourcecode.swift; name = SSHShell.swift; path = ../../Sources/SSHClient/SSHShell.swift; sourceTree = "<group>"; };
		48888B792AF5519E00F62705 /* SSHAuthentication.swift */ = {isa = PBXFileReference; fileEncoding = 4; lastKnownFileType = sourcecode.swift; name = SSHAuthentication.swift; path = ../../Sources/SSHClient/SSHAuthentication.swift; sourceTree = "<group>"; };
		48888B7A2AF5519E00F62705 /* SSHConnection.swift */ = {isa = PBXFileReference; fileEncoding = 4; lastKnownFileType = sourcecode.swift; name = SSHConnection.swift; path = ../../Sources/SSHClient/SSHConnection.swift; sourceTree = "<group>"; };
		48888B7B2AF5519E00F62705 /* SFTPFileFlags.swift */ = {isa = PBXFileReference; fileEncoding = 4; lastKnownFileType = sourcecode.swift; name = SFTPFileFlags.swift; path = ../../Sources/SSHClient/SFTPFileFlags.swift; sourceTree = "<group>"; };
		48888B7C2AF5519E00F62705 /* SSHCommand.swift */ = {isa = PBXFileReference; fileEncoding = 4; lastKnownFileType = sourcecode.swift; name = SSHCommand.swift; path = ../../Sources/SSHClient/SSHCommand.swift; sourceTree = "<group>"; };
		48888B7D2AF5519E00F62705 /* SSHTask.swift */ = {isa = PBXFileReference; fileEncoding = 4; lastKnownFileType = sourcecode.swift; name = SSHTask.swift; path = ../../Sources/SSHClient/SSHTask.swift; sourceTree = "<group>"; };
		48888B7E2AF5519E00F62705 /* SFTPClient.swift */ = {isa = PBXFileReference; fileEncoding = 4; lastKnownFileType = sourcecode.swift; name = SFTPClient.swift; path = ../../Sources/SSHClient/SFTPClient.swift; sourceTree = "<group>"; };
		48888B7F2AF5519E00F62705 /* SFTPFile.swift */ = {isa = PBXFileReference; fileEncoding = 4; lastKnownFileType = sourcecode.swift; name = SFTPFile.swift; path = ../../Sources/SSHClient/SFTPFile.swift; sourceTree = "<group>"; };
		48888B802AF5519E00F62705 /* SFTPFilePath.swift */ = {isa = PBXFileReference; fileEncoding = 4; lastKnownFileType = sourcecode.swift; name = SFTPFilePath.swift; path = ../../Sources/SSHClient/SFTPFilePath.swift; sourceTree = "<group>"; };
/* End PBXFileReference section */

/* Begin PBXFrameworksBuildPhase section */
		48888B232AF5503900F62705 /* Frameworks */ = {
			isa = PBXFrameworksBuildPhase;
			buildActionMask = 2147483647;
			files = (
				48888B9A2AF554C900F62705 /* NIOSSH in Frameworks */,
				48888B912AF5530500F62705 /* Crypto in Frameworks */,
				48888B972AF5541B00F62705 /* NIOTransportServices in Frameworks */,
			);
			runOnlyForDeploymentPostprocessing = 0;
		};
/* End PBXFrameworksBuildPhase section */

/* Begin PBXGroup section */
		48888B1D2AF5503900F62705 = {
			isa = PBXGroup;
			children = (
				48888B282AF5503900F62705 /* SSHClient */,
				48888B272AF5503900F62705 /* Products */,
				48888B982AF554C900F62705 /* Frameworks */,
			);
			sourceTree = "<group>";
		};
		48888B272AF5503900F62705 /* Products */ = {
			isa = PBXGroup;
			children = (
				48888B262AF5503900F62705 /* libSSHClient.a */,
			);
			name = Products;
			sourceTree = "<group>";
		};
		48888B282AF5503900F62705 /* SSHClient */ = {
			isa = PBXGroup;
			children = (
				48888B7E2AF5519E00F62705 /* SFTPClient.swift */,
				48888B7F2AF5519E00F62705 /* SFTPFile.swift */,
				48888B7B2AF5519E00F62705 /* SFTPFileFlags.swift */,
				48888B802AF5519E00F62705 /* SFTPFilePath.swift */,
				48888B792AF5519E00F62705 /* SSHAuthentication.swift */,
				48888B7C2AF5519E00F62705 /* SSHCommand.swift */,
				48888B7A2AF5519E00F62705 /* SSHConnection.swift */,
				48888B782AF5519E00F62705 /* SSHShell.swift */,
				48888B7D2AF5519E00F62705 /* SSHTask.swift */,
				48888B362AF550D500F62705 /* Async */,
				48888B402AF550F200F62705 /* Internal */,
			);
			path = SSHClient;
			sourceTree = "<group>";
		};
		48888B362AF550D500F62705 /* Async */ = {
			isa = PBXGroup;
			children = (
				48888B3A2AF550E200F62705 /* Completion+Async.swift */,
				48888B392AF550E200F62705 /* SFTPClient+Async.swift */,
				48888B3B2AF550E200F62705 /* SSHConnection+Async.swift */,
				48888B382AF550E200F62705 /* SSHShell+Async.swift */,
				48888B372AF550E200F62705 /* SSHClient-Bridging-Header.h */,
			);
			path = Async;
			sourceTree = "<group>";
		};
		48888B402AF550F200F62705 /* Internal */ = {
			isa = PBXGroup;
			children = (
				48888B692AF5517800F62705 /* SSH */,
				48888B622AF5516600F62705 /* Shell */,
				48888B4B2AF5513800F62705 /* SFTP */,
				48888B412AF5511400F62705 /* Command */,
				48888B462AF5512100F62705 /* Extension */,
			);
			name = Internal;
			path = ../../Internal;
			sourceTree = "<group>";
		};
		48888B412AF5511400F62705 /* Command */ = {
			isa = PBXGroup;
			children = (
				48888B432AF5511E00F62705 /* SSHCommandInvocation.swift */,
				48888B422AF5511E00F62705 /* SSHCommandSession.swift */,
			);
			path = Command;
			sourceTree = "<group>";
		};
		48888B462AF5512100F62705 /* Extension */ = {
			isa = PBXGroup;
			children = (
				48888B472AF5512E00F62705 /* Result+Utils.swift */,
				48888B482AF5512E00F62705 /* SwiftNIO+Utils.swift */,
			);
			path = Extension;
			sourceTree = "<group>";
		};
		48888B4B2AF5513800F62705 /* SFTP */ = {
			isa = PBXGroup;
			children = (
				48888B502AF5514900F62705 /* ByteBufferHelpers.swift */,
				48888B4F2AF5514900F62705 /* ChannelUnwrapper.swift */,
				48888B522AF5514900F62705 /* SFTPBasicEnums.swift */,
				48888B4D2AF5514900F62705 /* SFTPChannel.swift */,
				48888B532AF5514900F62705 /* SFTPClientInboundHandler.swift */,
				48888B552AF5514900F62705 /* SFTPClientStateMachine.swift */,
				48888B512AF5514900F62705 /* SFTPError.swift */,
				48888B542AF5514900F62705 /* SFTPMessage.swift */,
				48888B4C2AF5514900F62705 /* SFTPMessageParser.swift */,
				48888B562AF5514900F62705 /* SFTPRequestIDAllocator.swift */,
				48888B4E2AF5514900F62705 /* SFTPSerializer.swift */,
			);
			path = SFTP;
			sourceTree = "<group>";
		};
		48888B622AF5516600F62705 /* Shell */ = {
			isa = PBXGroup;
			children = (
				48888B652AF5516F00F62705 /* IOSSHShell.swift */,
				48888B642AF5516F00F62705 /* SSHShellHandler.swift */,
				48888B632AF5516F00F62705 /* SSHShellStateMachine.swift */,
			);
			path = Shell;
			sourceTree = "<group>";
		};
		48888B692AF5517800F62705 /* SSH */ = {
			isa = PBXGroup;
			children = (
				48888B6C2AF5518200F62705 /* AES128CTRTransportProtection.swift */,
				48888B6A2AF5518200F62705 /* IOSSHConnection.swift */,
				48888B6E2AF5518200F62705 /* ObserverHolder.swift */,
				48888B6D2AF5518200F62705 /* SSHAuthenticationHandler.swift */,
				48888B6F2AF5518300F62705 /* SSHConnectionStateMachine.swift */,
				48888B6B2AF5518200F62705 /* SSHSession.swift */,
				48888B702AF5518300F62705 /* SSHSessionStartingTask.swift */,
			);
			path = SSH;
			sourceTree = "<group>";
		};
		48888B982AF554C900F62705 /* Frameworks */ = {
			isa = PBXGroup;
			children = (
			);
			name = Frameworks;
			sourceTree = "<group>";
		};
/* End PBXGroup section */

/* Begin PBXNativeTarget section */
		48888B252AF5503900F62705 /* SSHClient */ = {
			isa = PBXNativeTarget;
			buildConfigurationList = 48888B2D2AF5503900F62705 /* Build configuration list for PBXNativeTarget "SSHClient" */;
			buildPhases = (
				48888B222AF5503900F62705 /* Sources */,
				48888B232AF5503900F62705 /* Frameworks */,
				48888B242AF5503900F62705 /* CopyFiles */,
			);
			buildRules = (
			);
			dependencies = (
			);
			name = SSHClient;
			packageProductDependencies = (
				48888B902AF5530500F62705 /* Crypto */,
				48888B962AF5541B00F62705 /* NIOTransportServices */,
				48888B992AF554C900F62705 /* NIOSSH */,
			);
			productName = SSHClient;
			productReference = 48888B262AF5503900F62705 /* libSSHClient.a */;
			productType = "com.apple.product-type.library.static";
		};
/* End PBXNativeTarget section */

/* Begin PBXProject section */
		48888B1E2AF5503900F62705 /* Project object */ = {
			isa = PBXProject;
			attributes = {
				BuildIndependentTargetsInParallel = 1;
				LastSwiftUpdateCheck = 1500;
				LastUpgradeCheck = 1500;
				TargetAttributes = {
					48888B252AF5503900F62705 = {
						CreatedOnToolsVersion = 15.0;
						LastSwiftMigration = 1500;
					};
				};
			};
			buildConfigurationList = 48888B212AF5503900F62705 /* Build configuration list for PBXProject "SSHClient" */;
			compatibilityVersion = "Xcode 14.0";
			developmentRegion = en;
			hasScannedForEncodings = 0;
			knownRegions = (
				en,
				Base,
			);
			mainGroup = 48888B1D2AF5503900F62705;
			packageReferences = (
				48888B8F2AF5530500F62705 /* XCRemoteSwiftPackageReference "swift-crypto" */,
				48888B942AF5532D00F62705 /* XCRemoteSwiftPackageReference "swift-nio-ssh" */,
				48888B952AF5541B00F62705 /* XCRemoteSwiftPackageReference "swift-nio-transport-services" */,
			);
			productRefGroup = 48888B272AF5503900F62705 /* Products */;
			projectDirPath = "";
			projectRoot = "";
			targets = (
				48888B252AF5503900F62705 /* SSHClient */,
			);
		};
/* End PBXProject section */

/* Begin PBXSourcesBuildPhase section */
		48888B222AF5503900F62705 /* Sources */ = {
			isa = PBXSourcesBuildPhase;
			buildActionMask = 2147483647;
			files = (
				48888B452AF5511E00F62705 /* SSHCommandInvocation.swift in Sources */,
				48888B812AF5519E00F62705 /* SSHShell.swift in Sources */,
				48888B712AF5518300F62705 /* IOSSHConnection.swift in Sources */,
				48888B3E2AF550E200F62705 /* Completion+Async.swift in Sources */,
				48888B5E2AF5514900F62705 /* SFTPClientInboundHandler.swift in Sources */,
				48888B3D2AF550E200F62705 /* SFTPClient+Async.swift in Sources */,
				48888B722AF5518300F62705 /* SSHSession.swift in Sources */,
				48888B492AF5512E00F62705 /* Result+Utils.swift in Sources */,
				48888B672AF5516F00F62705 /* SSHShellHandler.swift in Sources */,
				48888B582AF5514900F62705 /* SFTPChannel.swift in Sources */,
				48888B572AF5514900F62705 /* SFTPMessageParser.swift in Sources */,
				48888B602AF5514900F62705 /* SFTPClientStateMachine.swift in Sources */,
				48888B832AF5519E00F62705 /* SSHConnection.swift in Sources */,
				48888B842AF5519E00F62705 /* SFTPFileFlags.swift in Sources */,
				48888B5A2AF5514900F62705 /* ChannelUnwrapper.swift in Sources */,
				48888B872AF5519E00F62705 /* SFTPClient.swift in Sources */,
				48888B772AF5518300F62705 /* SSHSessionStartingTask.swift in Sources */,
				48888B752AF5518300F62705 /* ObserverHolder.swift in Sources */,
				48888B442AF5511E00F62705 /* SSHCommandSession.swift in Sources */,
				48888B3C2AF550E200F62705 /* SSHShell+Async.swift in Sources */,
				48888B4A2AF5512E00F62705 /* SwiftNIO+Utils.swift in Sources */,
				48888B742AF5518300F62705 /* SSHAuthenticationHandler.swift in Sources */,
				48888B682AF5516F00F62705 /* IOSSHShell.swift in Sources */,
				48888B852AF5519E00F62705 /* SSHCommand.swift in Sources */,
				48888B5D2AF5514900F62705 /* SFTPBasicEnums.swift in Sources */,
				48888B862AF5519E00F62705 /* SSHTask.swift in Sources */,
				48888B662AF5516F00F62705 /* SSHShellStateMachine.swift in Sources */,
				48888B592AF5514900F62705 /* SFTPSerializer.swift in Sources */,
				48888B3F2AF550E200F62705 /* SSHConnection+Async.swift in Sources */,
				48888B5B2AF5514900F62705 /* ByteBufferHelpers.swift in Sources */,
				48888B612AF5514900F62705 /* SFTPRequestIDAllocator.swift in Sources */,
				48888B5F2AF5514900F62705 /* SFTPMessage.swift in Sources */,
				48888B822AF5519E00F62705 /* SSHAuthentication.swift in Sources */,
				48888B892AF5519E00F62705 /* SFTPFilePath.swift in Sources */,
				48888B5C2AF5514900F62705 /* SFTPError.swift in Sources */,
				48888B882AF5519E00F62705 /* SFTPFile.swift in Sources */,
				48888B762AF5518300F62705 /* SSHConnectionStateMachine.swift in Sources */,
				48888B732AF5518300F62705 /* AES128CTRTransportProtection.swift in Sources */,
			);
			runOnlyForDeploymentPostprocessing = 0;
		};
/* End PBXSourcesBuildPhase section */

/* Begin XCBuildConfiguration section */
		48888B2B2AF5503900F62705 /* Debug */ = {
			isa = XCBuildConfiguration;
			buildSettings = {
				ALWAYS_SEARCH_USER_PATHS = NO;
				ASSETCATALOG_COMPILER_GENERATE_SWIFT_ASSET_SYMBOL_EXTENSIONS = YES;
				CLANG_ANALYZER_NONNULL = YES;
				CLANG_ANALYZER_NUMBER_OBJECT_CONVERSION = YES_AGGRESSIVE;
				CLANG_CXX_LANGUAGE_STANDARD = "gnu++20";
				CLANG_ENABLE_MODULES = YES;
				CLANG_ENABLE_OBJC_ARC = YES;
				CLANG_ENABLE_OBJC_WEAK = YES;
				CLANG_WARN_BLOCK_CAPTURE_AUTORELEASING = YES;
				CLANG_WARN_BOOL_CONVERSION = YES;
				CLANG_WARN_COMMA = YES;
				CLANG_WARN_CONSTANT_CONVERSION = YES;
				CLANG_WARN_DEPRECATED_OBJC_IMPLEMENTATIONS = YES;
				CLANG_WARN_DIRECT_OBJC_ISA_USAGE = YES_ERROR;
				CLANG_WARN_DOCUMENTATION_COMMENTS = YES;
				CLANG_WARN_EMPTY_BODY = YES;
				CLANG_WARN_ENUM_CONVERSION = YES;
				CLANG_WARN_INFINITE_RECURSION = YES;
				CLANG_WARN_INT_CONVERSION = YES;
				CLANG_WARN_NON_LITERAL_NULL_CONVERSION = YES;
				CLANG_WARN_OBJC_IMPLICIT_RETAIN_SELF = YES;
				CLANG_WARN_OBJC_LITERAL_CONVERSION = YES;
				CLANG_WARN_OBJC_ROOT_CLASS = YES_ERROR;
				CLANG_WARN_QUOTED_INCLUDE_IN_FRAMEWORK_HEADER = YES;
				CLANG_WARN_RANGE_LOOP_ANALYSIS = YES;
				CLANG_WARN_STRICT_PROTOTYPES = YES;
				CLANG_WARN_SUSPICIOUS_MOVE = YES;
				CLANG_WARN_UNGUARDED_AVAILABILITY = YES_AGGRESSIVE;
				CLANG_WARN_UNREACHABLE_CODE = YES;
				CLANG_WARN__DUPLICATE_METHOD_MATCH = YES;
				COPY_PHASE_STRIP = NO;
				DEBUG_INFORMATION_FORMAT = dwarf;
				ENABLE_STRICT_OBJC_MSGSEND = YES;
				ENABLE_TESTABILITY = YES;
				ENABLE_USER_SCRIPT_SANDBOXING = YES;
				GCC_C_LANGUAGE_STANDARD = gnu17;
				GCC_DYNAMIC_NO_PIC = NO;
				GCC_NO_COMMON_BLOCKS = YES;
				GCC_OPTIMIZATION_LEVEL = 0;
				GCC_PREPROCESSOR_DEFINITIONS = (
					"DEBUG=1",
					"$(inherited)",
				);
				GCC_WARN_64_TO_32_BIT_CONVERSION = YES;
				GCC_WARN_ABOUT_RETURN_TYPE = YES_ERROR;
				GCC_WARN_UNDECLARED_SELECTOR = YES;
				GCC_WARN_UNINITIALIZED_AUTOS = YES_AGGRESSIVE;
				GCC_WARN_UNUSED_FUNCTION = YES;
				GCC_WARN_UNUSED_VARIABLE = YES;
				IPHONEOS_DEPLOYMENT_TARGET = 17.0;
				LOCALIZATION_PREFERS_STRING_CATALOGS = YES;
				MTL_ENABLE_DEBUG_INFO = INCLUDE_SOURCE;
				MTL_FAST_MATH = YES;
				ONLY_ACTIVE_ARCH = YES;
				SDKROOT = iphoneos;
				SWIFT_ACTIVE_COMPILATION_CONDITIONS = "DEBUG $(inherited)";
				SWIFT_OPTIMIZATION_LEVEL = "-Onone";
			};
			name = Debug;
		};
		48888B2C2AF5503900F62705 /* Release */ = {
			isa = XCBuildConfiguration;
			buildSettings = {
				ALWAYS_SEARCH_USER_PATHS = NO;
				ASSETCATALOG_COMPILER_GENERATE_SWIFT_ASSET_SYMBOL_EXTENSIONS = YES;
				CLANG_ANALYZER_NONNULL = YES;
				CLANG_ANALYZER_NUMBER_OBJECT_CONVERSION = YES_AGGRESSIVE;
				CLANG_CXX_LANGUAGE_STANDARD = "gnu++20";
				CLANG_ENABLE_MODULES = YES;
				CLANG_ENABLE_OBJC_ARC = YES;
				CLANG_ENABLE_OBJC_WEAK = YES;
				CLANG_WARN_BLOCK_CAPTURE_AUTORELEASING = YES;
				CLANG_WARN_BOOL_CONVERSION = YES;
				CLANG_WARN_COMMA = YES;
				CLANG_WARN_CONSTANT_CONVERSION = YES;
				CLANG_WARN_DEPRECATED_OBJC_IMPLEMENTATIONS = YES;
				CLANG_WARN_DIRECT_OBJC_ISA_USAGE = YES_ERROR;
				CLANG_WARN_DOCUMENTATION_COMMENTS = YES;
				CLANG_WARN_EMPTY_BODY = YES;
				CLANG_WARN_ENUM_CONVERSION = YES;
				CLANG_WARN_INFINITE_RECURSION = YES;
				CLANG_WARN_INT_CONVERSION = YES;
				CLANG_WARN_NON_LITERAL_NULL_CONVERSION = YES;
				CLANG_WARN_OBJC_IMPLICIT_RETAIN_SELF = YES;
				CLANG_WARN_OBJC_LITERAL_CONVERSION = YES;
				CLANG_WARN_OBJC_ROOT_CLASS = YES_ERROR;
				CLANG_WARN_QUOTED_INCLUDE_IN_FRAMEWORK_HEADER = YES;
				CLANG_WARN_RANGE_LOOP_ANALYSIS = YES;
				CLANG_WARN_STRICT_PROTOTYPES = YES;
				CLANG_WARN_SUSPICIOUS_MOVE = YES;
				CLANG_WARN_UNGUARDED_AVAILABILITY = YES_AGGRESSIVE;
				CLANG_WARN_UNREACHABLE_CODE = YES;
				CLANG_WARN__DUPLICATE_METHOD_MATCH = YES;
				COPY_PHASE_STRIP = NO;
				DEBUG_INFORMATION_FORMAT = "dwarf-with-dsym";
				ENABLE_NS_ASSERTIONS = NO;
				ENABLE_STRICT_OBJC_MSGSEND = YES;
				ENABLE_USER_SCRIPT_SANDBOXING = YES;
				GCC_C_LANGUAGE_STANDARD = gnu17;
				GCC_NO_COMMON_BLOCKS = YES;
				GCC_WARN_64_TO_32_BIT_CONVERSION = YES;
				GCC_WARN_ABOUT_RETURN_TYPE = YES_ERROR;
				GCC_WARN_UNDECLARED_SELECTOR = YES;
				GCC_WARN_UNINITIALIZED_AUTOS = YES_AGGRESSIVE;
				GCC_WARN_UNUSED_FUNCTION = YES;
				GCC_WARN_UNUSED_VARIABLE = YES;
				IPHONEOS_DEPLOYMENT_TARGET = 17.0;
				LOCALIZATION_PREFERS_STRING_CATALOGS = YES;
				MTL_ENABLE_DEBUG_INFO = NO;
				MTL_FAST_MATH = YES;
				SDKROOT = iphoneos;
				SWIFT_COMPILATION_MODE = wholemodule;
				VALIDATE_PRODUCT = YES;
			};
			name = Release;
		};
		48888B2E2AF5503900F62705 /* Debug */ = {
			isa = XCBuildConfiguration;
			buildSettings = {
				CLANG_ENABLE_MODULES = YES;
				CODE_SIGN_STYLE = Automatic;
				DEVELOPMENT_TEAM = 693YX79L7U;
				OTHER_LDFLAGS = "-ObjC";
				PRODUCT_NAME = "$(TARGET_NAME)";
				SKIP_INSTALL = YES;
				SWIFT_OBJC_BRIDGING_HEADER = "SSHClient/Async/SSHClient-Bridging-Header.h";
				SWIFT_OPTIMIZATION_LEVEL = "-Onone";
				SWIFT_VERSION = 5.0;
				TARGETED_DEVICE_FAMILY = "1,2";
			};
			name = Debug;
		};
		48888B2F2AF5503900F62705 /* Release */ = {
			isa = XCBuildConfiguration;
			buildSettings = {
				CLANG_ENABLE_MODULES = YES;
				CODE_SIGN_STYLE = Automatic;
				DEVELOPMENT_TEAM = 693YX79L7U;
				OTHER_LDFLAGS = "-ObjC";
				PRODUCT_NAME = "$(TARGET_NAME)";
				SKIP_INSTALL = YES;
				SWIFT_OBJC_BRIDGING_HEADER = "SSHClient/Async/SSHClient-Bridging-Header.h";
				SWIFT_VERSION = 5.0;
				TARGETED_DEVICE_FAMILY = "1,2";
			};
			name = Release;
		};
/* End XCBuildConfiguration section */

/* Begin XCConfigurationList section */
		48888B212AF5503900F62705 /* Build configuration list for PBXProject "SSHClient" */ = {
			isa = XCConfigurationList;
			buildConfigurations = (
				48888B2B2AF5503900F62705 /* Debug */,
				48888B2C2AF5503900F62705 /* Release */,
			);
			defaultConfigurationIsVisible = 0;
			defaultConfigurationName = Release;
		};
		48888B2D2AF5503900F62705 /* Build configuration list for PBXNativeTarget "SSHClient" */ = {
			isa = XCConfigurationList;
			buildConfigurations = (
				48888B2E2AF5503900F62705 /* Debug */,
				48888B2F2AF5503900F62705 /* Release */,
			);
			defaultConfigurationIsVisible = 0;
			defaultConfigurationName = Release;
		};
/* End XCConfigurationList section */

/* Begin XCRemoteSwiftPackageReference section */
		48888B8F2AF5530500F62705 /* XCRemoteSwiftPackageReference "swift-crypto" */ = {
			isa = XCRemoteSwiftPackageReference;
			repositoryURL = "https://github.com/apple/swift-crypto.git";
			requirement = {
				kind = versionRange;
				maximumVersion = 2.0.0;
				minimumVersion = 1.1.0;
			};
		};
		48888B942AF5532D00F62705 /* XCRemoteSwiftPackageReference "swift-nio-ssh" */ = {
			isa = XCRemoteSwiftPackageReference;
			repositoryURL = "https://github.com/apple/swift-nio-ssh.git";
			requirement = {
				kind = upToNextMajorVersion;
				minimumVersion = 0.8.0;
			};
		};
		48888B952AF5541B00F62705 /* XCRemoteSwiftPackageReference "swift-nio-transport-services" */ = {
			isa = XCRemoteSwiftPackageReference;
			repositoryURL = "https://github.com/apple/swift-nio-transport-services.git";
			requirement = {
				kind = versionRange;
				maximumVersion = 2.1.0;
				minimumVersion = 1.20.0;
			};
		};
/* End XCRemoteSwiftPackageReference section */

/* Begin XCSwiftPackageProductDependency section */
		48888B902AF5530500F62705 /* Crypto */ = {
			isa = XCSwiftPackageProductDependency;
			package = 48888B8F2AF5530500F62705 /* XCRemoteSwiftPackageReference "swift-crypto" */;
			productName = Crypto;
		};
		48888B962AF5541B00F62705 /* NIOTransportServices */ = {
			isa = XCSwiftPackageProductDependency;
			package = 48888B952AF5541B00F62705 /* XCRemoteSwiftPackageReference "swift-nio-transport-services" */;
			productName = NIOTransportServices;
		};
		48888B992AF554C900F62705 /* NIOSSH */ = {
			isa = XCSwiftPackageProductDependency;
			package = 48888B942AF5532D00F62705 /* XCRemoteSwiftPackageReference "swift-nio-ssh" */;
			productName = NIOSSH;
		};
/* End XCSwiftPackageProductDependency section */
	};
	rootObject = 48888B1E2AF5503900F62705 /* Project object */;
}
